<?xml version="1.0" encoding="utf-8"?>
<Project ToolsVersion="4.0" xmlns="http://schemas.microsoft.com/developer/msbuild/2003">
  <ItemGroup>
    <ClInclude Include="convert_gravity.h">
      <Filter>gravity</Filter>
    </ClInclude>
    <ClInclude Include="api_gravity.h">
      <Filter>gravity</Filter>
    </ClInclude>
    <ClInclude Include="specific_gravity.h">
      <Filter>gravity</Filter>
    </ClInclude>
    <ClInclude Include="interpolation.h">
      <Filter>interpolation</Filter>
    </ClInclude>
    <ClInclude Include="viscosity.h">
      <Filter>viscosity</Filter>
    </ClInclude>
    <ClInclude Include="kinematic_viscosity.h">
      <Filter>viscosity</Filter>
    </ClInclude>
    <ClInclude Include="saybolt_universal_viscosity.h">
      <Filter>viscosity</Filter>
    </ClInclude>
  </ItemGroup>
  <ItemGroup>
    <Filter Include="gravity">
      <UniqueIdentifier>{907c968c-d388-4d4f-9c6e-f8adfd21e264}</UniqueIdentifier>
    </Filter>
    <Filter Include="interpolation">
      <UniqueIdentifier>{db7f9700-8397-4d86-a702-a7e47b4f3259}</UniqueIdentifier>
    </Filter>
    <Filter Include="viscosity">
      <UniqueIdentifier>{b0db1d3f-7ddb-4300-9908-110e3fe95964}</UniqueIdentifier>
    </Filter>
  </ItemGroup>
</Project>